{
  "name": "twitterbot",
  "version": "1.0.0",
  "lockfileVersion": 1,
  "requires": true,
  "dependencies": {
    "twitter-api-v2": {
      "version": "1.17.1",
      "resolved": "https://registry.npmjs.org/twitter-api-v2/-/twitter-api-v2-1.17.1.tgz",
      "integrity": "sha512-eLVetUOGiKalx/7NlF8+heMmtEXBhObP0mS9RFgcgjh5KTVq7SOWaIMIe1IrsAAV9DFCjd6O7fL+FMp6sibQYg=="
    }
  }
}
